
Microsoft Visual Studio Solution File, Format Version 12.00
# Visual Studio Version 17
VisualStudioVersion = 17.3.32929.385
MinimumVisualStudioVersion = 10.0.40219.1
Project("{FAE04EC0-301F-11D3-BF4B-00C04F79EFBC}") = "BasicCoreProgram1", "BasicCoreProgram1\BasicCoreProgram1.csproj", "{A5668185-C8A8-4383-A296-B7778904CE77}"
EndProject
Global
	GlobalSection(SolutionConfigurationPlatforms) = preSolution
		Debug|Any CPU = Debug|Any CPU
		Release|Any CPU = Release|Any CPU
	EndGlobalSection
	GlobalSection(ProjectConfigurationPlatforms) = postSolution
		{A5668185-C8A8-4383-A296-B7778904CE77}.Debug|Any CPU.ActiveCfg = Debug|Any CPU
		{A5668185-C8A8-4383-A296-B7778904CE77}.Debug|Any CPU.Build.0 = Debug|Any CPU
		{A5668185-C8A8-4383-A296-B7778904CE77}.Release|Any CPU.ActiveCfg = Release|Any CPU
		{A5668185-C8A8-4383-A296-B7778904CE77}.Release|Any CPU.Build.0 = Release|Any CPU
	EndGlobalSection
	GlobalSection(SolutionProperties) = preSolution
		HideSolutionNode = FALSE
	EndGlobalSection
	GlobalSection(ExtensibilityGlobals) = postSolution
		SolutionGuid = {353A2013-6246-419C-BA74-8F2D0DCADCEC}
	EndGlobalSection
EndGlobal
